// !$*UTF8*$!
{
	archiveVersion = 1;
	classes = {
	};
	objectVersion = 46;
	objects = {

/* Begin PBXBuildFile section */
		189DE52C1CB8D4A10043EF6D /* main.m in Sources */ = {isa = PBXBuildFile; fileRef = 189DE52B1CB8D4A10043EF6D /* main.m */; };
		189DE52F1CB8D4A10043EF6D /* AppDelegate.m in Sources */ = {isa = PBXBuildFile; fileRef = 189DE52E1CB8D4A10043EF6D /* AppDelegate.m */; };
		189DE5311CB8D4A10043EF6D /* Assets.xcassets in Resources */ = {isa = PBXBuildFile; fileRef = 189DE5301CB8D4A10043EF6D /* Assets.xcassets */; };
		189DE5341CB8D4A10043EF6D /* LaunchScreen.storyboard in Resources */ = {isa = PBXBuildFile; fileRef = 189DE5321CB8D4A10043EF6D /* LaunchScreen.storyboard */; };
		189DE53F1CB8D4A10043EF6D /* Quiz___ProgrammaticallyTests.m in Sources */ = {isa = PBXBuildFile; fileRef = 189DE53E1CB8D4A10043EF6D /* Quiz___ProgrammaticallyTests.m */; };
		189DE54A1CB8D4A10043EF6D /* Quiz___ProgrammaticallyUITests.m in Sources */ = {isa = PBXBuildFile; fileRef = 189DE5491CB8D4A10043EF6D /* Quiz___ProgrammaticallyUITests.m */; };
		189DE5591CB8D51A0043EF6D /* MainViewController.m in Sources */ = {isa = PBXBuildFile; fileRef = 189DE5581CB8D51A0043EF6D /* MainViewController.m */; };
/* End PBXBuildFile section */

/* Begin PBXContainerItemProxy section */
		189DE53B1CB8D4A10043EF6D /* PBXContainerItemProxy */ = {
			isa = PBXContainerItemProxy;
			containerPortal = 189DE51F1CB8D4A10043EF6D /* Project object */;
			proxyType = 1;
			remoteGlobalIDString = 189DE5261CB8D4A10043EF6D;
			remoteInfo = "Quiz - Programmatically";
		};
		189DE5461CB8D4A10043EF6D /* PBXContainerItemProxy */ = {
			isa = PBXContainerItemProxy;
			containerPortal = 189DE51F1CB8D4A10043EF6D /* Project object */;
			proxyType = 1;
			remoteGlobalIDString = 189DE5261CB8D4A10043EF6D;
			remoteInfo = "Quiz - Programmatically";
		};
/* End PBXContainerItemProxy section */

/* Begin PBXFileReference section */
		189DE5271CB8D4A10043EF6D /* Quiz - Programmatically.app */ = {isa = PBXFileReference; explicitFileType = wrapper.application; includeInIndex = 0; path = "Quiz - Programmatically.app"; sourceTree = BUILT_PRODUCTS_DIR; };
		189DE52B1CB8D4A10043EF6D /* main.m */ = {isa = PBXFileReference; lastKnownFileType = sourcecode.c.objc; path = main.m; sourceTree = "<group>"; };
		189DE52D1CB8D4A10043EF6D /* AppDelegate.h */ = {isa = PBXFileReference; lastKnownFileType = sourcecode.c.h; path = AppDelegate.h; sourceTree = "<group>"; };
		189DE52E1CB8D4A10043EF6D /* AppDelegate.m */ = {isa = PBXFileReference; lastKnownFileType = sourcecode.c.objc; path = AppDelegate.m; sourceTree = "<group>"; };
		189DE5301CB8D4A10043EF6D /* Assets.xcassets */ = {isa = PBXFileReference; lastKnownFileType = folder.assetcatalog; path = Assets.xcassets; sourceTree = "<group>"; };
		189DE5331CB8D4A10043EF6D /* Base */ = {isa = PBXFileReference; lastKnownFileType = file.storyboard; name = Base; path = Base.lproj/LaunchScreen.storyboard; sourceTree = "<group>"; };
		189DE5351CB8D4A10043EF6D /* Info.plist */ = {isa = PBXFileReference; lastKnownFileType = text.plist.xml; path = Info.plist; sourceTree = "<group>"; };
		189DE53A1CB8D4A10043EF6D /* Quiz - ProgrammaticallyTests.xctest */ = {isa = PBXFileReference; explicitFileType = wrapper.cfbundle; includeInIndex = 0; path = "Quiz - ProgrammaticallyTests.xctest"; sourceTree = BUILT_PRODUCTS_DIR; };
		189DE53E1CB8D4A10043EF6D /* Quiz___ProgrammaticallyTests.m */ = {isa = PBXFileReference; lastKnownFileType = sourcecode.c.objc; path = "Quiz___ProgrammaticallyTests.m"; sourceTree = "<group>"; };
		189DE5401CB8D4A10043EF6D /* Info.plist */ = {isa = PBXFileReference; lastKnownFileType = text.plist.xml; path = Info.plist; sourceTree = "<group>"; };
		189DE5451CB8D4A10043EF6D /* Quiz - ProgrammaticallyUITests.xctest */ = {isa = PBXFileReference; explicitFileType = wrapper.cfbundle; includeInIndex = 0; path = "Quiz - ProgrammaticallyUITests.xctest"; sourceTree = BUILT_PRODUCTS_DIR; };
		189DE5491CB8D4A10043EF6D /* Quiz___ProgrammaticallyUITests.m */ = {isa = PBXFileReference; lastKnownFileType = sourcecode.c.objc; path = "Quiz___ProgrammaticallyUITests.m"; sourceTree = "<group>"; };
		189DE54B1CB8D4A10043EF6D /* Info.plist */ = {isa = PBXFileReference; lastKnownFileType = text.plist.xml; path = Info.plist; sourceTree = "<group>"; };
		189DE5571CB8D51A0043EF6D /* MainViewController.h */ = {isa = PBXFileReference; fileEncoding = 4; lastKnownFileType = sourcecode.c.h; path = MainViewController.h; sourceTree = "<group>"; };
		189DE5581CB8D51A0043EF6D /* MainViewController.m */ = {isa = PBXFileReference; fileEncoding = 4; lastKnownFileType = sourcecode.c.objc; path = MainViewController.m; sourceTree = "<group>"; };
/* End PBXFileReference section */

/* Begin PBXFrameworksBuildPhase section */
		189DE5241CB8D4A10043EF6D /* Frameworks */ = {
			isa = PBXFrameworksBuildPhase;
			buildActionMask = 2147483647;
			files = (
			);
			runOnlyForDeploymentPostprocessing = 0;
		};
		189DE5371CB8D4A10043EF6D /* Frameworks */ = {
			isa = PBXFrameworksBuildPhase;
			buildActionMask = 2147483647;
			files = (
			);
			runOnlyForDeploymentPostprocessing = 0;
		};
		189DE5421CB8D4A10043EF6D /* Frameworks */ = {
			isa = PBXFrameworksBuildPhase;
			buildActionMask = 2147483647;
			files = (
			);
			runOnlyForDeploymentPostprocessing = 0;
		};
/* End PBXFrameworksBuildPhase section */

/* Begin PBXGroup section */
		189DE51E1CB8D4A10043EF6D = {
			isa = PBXGroup;
			children = (
				189DE5291CB8D4A10043EF6D /* Quiz - Programmatically */,
				189DE53D1CB8D4A10043EF6D /* Quiz - ProgrammaticallyTests */,
				189DE5481CB8D4A10043EF6D /* Quiz - ProgrammaticallyUITests */,
				189DE5281CB8D4A10043EF6D /* Products */,
			);
			sourceTree = "<group>";
		};
		189DE5281CB8D4A10043EF6D /* Products */ = {
			isa = PBXGroup;
			children = (
				189DE5271CB8D4A10043EF6D /* Quiz - Programmatically.app */,
				189DE53A1CB8D4A10043EF6D /* Quiz - ProgrammaticallyTests.xctest */,
				189DE5451CB8D4A10043EF6D /* Quiz - ProgrammaticallyUITests.xctest */,
			);
			name = Products;
			sourceTree = "<group>";
		};
		189DE5291CB8D4A10043EF6D /* Quiz - Programmatically */ = {
			isa = PBXGroup;
			children = (
				189DE52D1CB8D4A10043EF6D /* AppDelegate.h */,
				189DE52E1CB8D4A10043EF6D /* AppDelegate.m */,
				189DE5571CB8D51A0043EF6D /* MainViewController.h */,
				189DE5581CB8D51A0043EF6D /* MainViewController.m */,
				189DE5301CB8D4A10043EF6D /* Assets.xcassets */,
				189DE5321CB8D4A10043EF6D /* LaunchScreen.storyboard */,
				189DE5351CB8D4A10043EF6D /* Info.plist */,
				189DE52A1CB8D4A10043EF6D /* Supporting Files */,
			);
			path = "Quiz - Programmatically";
			sourceTree = "<group>";
		};
		189DE52A1CB8D4A10043EF6D /* Supporting Files */ = {
			isa = PBXGroup;
			children = (
				189DE52B1CB8D4A10043EF6D /* main.m */,
			);
			name = "Supporting Files";
			sourceTree = "<group>";
		};
		189DE53D1CB8D4A10043EF6D /* Quiz - ProgrammaticallyTests */ = {
			isa = PBXGroup;
			children = (
				189DE53E1CB8D4A10043EF6D /* Quiz___ProgrammaticallyTests.m */,
				189DE5401CB8D4A10043EF6D /* Info.plist */,
			);
			path = "Quiz - ProgrammaticallyTests";
			sourceTree = "<group>";
		};
		189DE5481CB8D4A10043EF6D /* Quiz - ProgrammaticallyUITests */ = {
			isa = PBXGroup;
			children = (
				189DE5491CB8D4A10043EF6D /* Quiz___ProgrammaticallyUITests.m */,
				189DE54B1CB8D4A10043EF6D /* Info.plist */,
			);
			path = "Quiz - ProgrammaticallyUITests";
			sourceTree = "<group>";
		};
/* End PBXGroup section */

/* Begin PBXNativeTarget section */
		189DE5261CB8D4A10043EF6D /* Quiz - Programmatically */ = {
			isa = PBXNativeTarget;
			buildConfigurationList = 189DE54E1CB8D4A10043EF6D /* Build configuration list for PBXNativeTarget "Quiz - Programmatically" */;
			buildPhases = (
				189DE5231CB8D4A10043EF6D /* Sources */,
				189DE5241CB8D4A10043EF6D /* Frameworks */,
				189DE5251CB8D4A10043EF6D /* Resources */,
			);
			buildRules = (
			);
			dependencies = (
			);
			name = "Quiz - Programmatically";
			productName = "Quiz - Programmatically";
			productReference = 189DE5271CB8D4A10043EF6D /* Quiz - Programmatically.app */;
			productType = "com.apple.product-type.application";
		};
		189DE5391CB8D4A10043EF6D /* Quiz - ProgrammaticallyTests */ = {
			isa = PBXNativeTarget;
			buildConfigurationList = 189DE5511CB8D4A10043EF6D /* Build configuration list for PBXNativeTarget "Quiz - ProgrammaticallyTests" */;
			buildPhases = (
				189DE5361CB8D4A10043EF6D /* Sources */,
				189DE5371CB8D4A10043EF6D /* Frameworks */,
				189DE5381CB8D4A10043EF6D /* Resources */,
			);
			buildRules = (
			);
			dependencies = (
				189DE53C1CB8D4A10043EF6D /* PBXTargetDependency */,
			);
			name = "Quiz - ProgrammaticallyTests";
			productName = "Quiz - ProgrammaticallyTests";
			productReference = 189DE53A1CB8D4A10043EF6D /* Quiz - ProgrammaticallyTests.xctest */;
			productType = "com.apple.product-type.bundle.unit-test";
		};
		189DE5441CB8D4A10043EF6D /* Quiz - ProgrammaticallyUITests */ = {
			isa = PBXNativeTarget;
			buildConfigurationList = 189DE5541CB8D4A10043EF6D /* Build configuration list for PBXNativeTarget "Quiz - ProgrammaticallyUITests" */;
			buildPhases = (
				189DE5411CB8D4A10043EF6D /* Sources */,
				189DE5421CB8D4A10043EF6D /* Frameworks */,
				189DE5431CB8D4A10043EF6D /* Resources */,
			);
			buildRules = (
			);
			dependencies = (
				189DE5471CB8D4A10043EF6D /* PBXTargetDependency */,
			);
			name = "Quiz - ProgrammaticallyUITests";
			productName = "Quiz - ProgrammaticallyUITests";
			productReference = 189DE5451CB8D4A10043EF6D /* Quiz - ProgrammaticallyUITests.xctest */;
			productType = "com.apple.product-type.bundle.ui-testing";
		};
/* End PBXNativeTarget section */

/* Begin PBXProject section */
		189DE51F1CB8D4A10043EF6D /* Project object */ = {
			isa = PBXProject;
			attributes = {
				LastUpgradeCheck = 0730;
				ORGANIZATIONNAME = Immanuel;
				TargetAttributes = {
					189DE5261CB8D4A10043EF6D = {
						CreatedOnToolsVersion = 7.3;
						DevelopmentTeam = YD6XDYJUC5;
					};
					189DE5391CB8D4A10043EF6D = {
						CreatedOnToolsVersion = 7.3;
						DevelopmentTeam = YD6XDYJUC5;
						TestTargetID = 189DE5261CB8D4A10043EF6D;
					};
					189DE5441CB8D4A10043EF6D = {
						CreatedOnToolsVersion = 7.3;
						DevelopmentTeam = YD6XDYJUC5;
						TestTargetID = 189DE5261CB8D4A10043EF6D;
					};
				};
			};
			buildConfigurationList = 189DE5221CB8D4A10043EF6D /* Build configuration list for PBXProject "Quiz - Programmatically" */;
			compatibilityVersion = "Xcode 3.2";
			developmentRegion = English;
			hasScannedForEncodings = 0;
			knownRegions = (
				en,
				Base,
			);
			mainGroup = 189DE51E1CB8D4A10043EF6D;
			productRefGroup = 189DE5281CB8D4A10043EF6D /* Products */;
			projectDirPath = "";
			projectRoot = "";
			targets = (
				189DE5261CB8D4A10043EF6D /* Quiz - Programmatically */,
				189DE5391CB8D4A10043EF6D /* Quiz - ProgrammaticallyTests */,
				189DE5441CB8D4A10043EF6D /* Quiz - ProgrammaticallyUITests */,
			);
		};
/* End PBXProject section */

/* Begin PBXResourcesBuildPhase section */
		189DE5251CB8D4A10043EF6D /* Resources */ = {
			isa = PBXResourcesBuildPhase;
			buildActionMask = 2147483647;
			files = (
				189DE5311CB8D4A10043EF6D /* Assets.xcassets in Resources */,
				189DE5341CB8D4A10043EF6D /* LaunchScreen.storyboard in Resources */,
			);
			runOnlyForDeploymentPostprocessing = 0;
		};
		189DE5381CB8D4A10043EF6D /* Resources */ = {
			isa = PBXResourcesBuildPhase;
			buildActionMask = 2147483647;
			files = (
			);
			runOnlyForDeploymentPostprocessing = 0;
		};
		189DE5431CB8D4A10043EF6D /* Resources */ = {
			isa = PBXResourcesBuildPhase;
			buildActionMask = 2147483647;
			files = (
			);
			runOnlyForDeploymentPostprocessing = 0;
		};
/* End PBXResourcesBuildPhase section */

/* Begin PBXSourcesBuildPhase section */
		189DE5231CB8D4A10043EF6D /* Sources */ = {
			isa = PBXSourcesBuildPhase;
			buildActionMask = 2147483647;
			files = (
				189DE52F1CB8D4A10043EF6D /* AppDelegate.m in Sources */,
				189DE5591CB8D51A0043EF6D /* MainViewController.m in Sources */,
				189DE52C1CB8D4A10043EF6D /* main.m in Sources */,
			);
			runOnlyForDeploymentPostprocessing = 0;
		};
		189DE5361CB8D4A10043EF6D /* Sources */ = {
			isa = PBXSourcesBuildPhase;
			buildActionMask = 2147483647;
			files = (
				189DE53F1CB8D4A10043EF6D /* Quiz___ProgrammaticallyTests.m in Sources */,
			);
			runOnlyForDeploymentPostprocessing = 0;
		};
		189DE5411CB8D4A10043EF6D /* Sources */ = {
			isa = PBXSourcesBuildPhase;
			buildActionMask = 2147483647;
			files = (
				189DE54A1CB8D4A10043EF6D /* Quiz___ProgrammaticallyUITests.m in Sources */,
			);
			runOnlyForDeploymentPostprocessing = 0;
		};
/* End PBXSourcesBuildPhase section */

/* Begin PBXTargetDependency section */
		189DE53C1CB8D4A10043EF6D /* PBXTargetDependency */ = {
			isa = PBXTargetDependency;
			target = 189DE5261CB8D4A10043EF6D /* Quiz - Programmatically */;
			targetProxy = 189DE53B1CB8D4A10043EF6D /* PBXContainerItemProxy */;
		};
		189DE5471CB8D4A10043EF6D /* PBXTargetDependency */ = {
			isa = PBXTargetDependency;
			target = 189DE5261CB8D4A10043EF6D /* Quiz - Programmatically */;
			targetProxy = 189DE5461CB8D4A10043EF6D /* PBXContainerItemProxy */;
		};
/* End PBXTargetDependency section */

/* Begin PBXVariantGroup section */
		189DE5321CB8D4A10043EF6D /* LaunchScreen.storyboard */ = {
			isa = PBXVariantGroup;
			children = (
				189DE5331CB8D4A10043EF6D /* Base */,
			);
			name = LaunchScreen.storyboard;
			sourceTree = "<group>";
		};
/* End PBXVariantGroup section */

/* Begin XCBuildConfiguration section */
		189DE54C1CB8D4A10043EF6D /* Debug */ = {
			isa = XCBuildConfiguration;
			buildSettings = {
				ALWAYS_SEARCH_USER_PATHS = NO;
				CLANG_ANALYZER_NONNULL = YES;
				CLANG_CXX_LANGUAGE_STANDARD = "gnu++0x";
				CLANG_CXX_LIBRARY = "libc++";
				CLANG_ENABLE_MODULES = YES;
				CLANG_ENABLE_OBJC_ARC = YES;
				CLANG_WARN_BOOL_CONVERSION = YES;
				CLANG_WARN_CONSTANT_CONVERSION = YES;
				CLANG_WARN_DIRECT_OBJC_ISA_USAGE = YES_ERROR;
				CLANG_WARN_EMPTY_BODY = YES;
				CLANG_WARN_ENUM_CONVERSION = YES;
				CLANG_WARN_INT_CONVERSION = YES;
				CLANG_WARN_OBJC_ROOT_CLASS = YES_ERROR;
				CLANG_WARN_UNREACHABLE_CODE = YES;
				CLANG_WARN__DUPLICATE_METHOD_MATCH = YES;
				"CODE_SIGN_IDENTITY[sdk=iphoneos*]" = "iPhone Developer";
				COPY_PHASE_STRIP = NO;
				DEBUG_INFORMATION_FORMAT = dwarf;
				ENABLE_STRICT_OBJC_MSGSEND = YES;
				ENABLE_TESTABILITY = YES;
				GCC_C_LANGUAGE_STANDARD = gnu99;
				GCC_DYNAMIC_NO_PIC = NO;
				GCC_NO_COMMON_BLOCKS = YES;
				GCC_OPTIMIZATION_LEVEL = 0;
				GCC_PREPROCESSOR_DEFINITIONS = (
					"DEBUG=1",
					"$(inherited)",
				);
				GCC_WARN_64_TO_32_BIT_CONVERSION = YES;
				GCC_WARN_ABOUT_RETURN_TYPE = YES_ERROR;
				GCC_WARN_UNDECLARED_SELECTOR = YES;
				GCC_WARN_UNINITIALIZED_AUTOS = YES_AGGRESSIVE;
				GCC_WARN_UNUSED_FUNCTION = YES;
				GCC_WARN_UNUSED_VARIABLE = YES;
				IPHONEOS_DEPLOYMENT_TARGET = 9.3;
				MTL_ENABLE_DEBUG_INFO = YES;
				ONLY_ACTIVE_ARCH = YES;
				SDKROOT = iphoneos;
			};
			name = Debug;
		};
		189DE54D1CB8D4A10043EF6D /* Release */ = {
			isa = XCBuildConfiguration;
			buildSettings = {
				ALWAYS_SEARCH_USER_PATHS = NO;
				CLANG_ANALYZER_NONNULL = YES;
				CLANG_CXX_LANGUAGE_STANDARD = "gnu++0x";
				CLANG_CXX_LIBRARY = "libc++";
				CLANG_ENABLE_MODULES = YES;
				CLANG_ENABLE_OBJC_ARC = YES;
				CLANG_WARN_BOOL_CONVERSION = YES;
				CLANG_WARN_CONSTANT_CONVERSION = YES;
				CLANG_WARN_DIRECT_OBJC_ISA_USAGE = YES_ERROR;
				CLANG_WARN_EMPTY_BODY = YES;
				CLANG_WARN_ENUM_CONVERSION = YES;
				CLANG_WARN_INT_CONVERSION = YES;
				CLANG_WARN_OBJC_ROOT_CLASS = YES_ERROR;
				CLANG_WARN_UNREACHABLE_CODE = YES;
				CLANG_WARN__DUPLICATE_METHOD_MATCH = YES;
				"CODE_SIGN_IDENTITY[sdk=iphoneos*]" = "iPhone Developer";
				COPY_PHASE_STRIP = NO;
				DEBUG_INFORMATION_FORMAT = "dwarf-with-dsym";
				ENABLE_NS_ASSERTIONS = NO;
				ENABLE_STRICT_OBJC_MSGSEND = YES;
				GCC_C_LANGUAGE_STANDARD = gnu99;
				GCC_NO_COMMON_BLOCKS = YES;
				GCC_WARN_64_TO_32_BIT_CONVERSION = YES;
				GCC_WARN_ABOUT_RETURN_TYPE = YES_ERROR;
				GCC_WARN_UNDECLARED_SELECTOR = YES;
				GCC_WARN_UNINITIALIZED_AUTOS = YES_AGGRESSIVE;
				GCC_WARN_UNUSED_FUNCTION = YES;
				GCC_WARN_UNUSED_VARIABLE = YES;
				IPHONEOS_DEPLOYMENT_TARGET = 9.3;
				MTL_ENABLE_DEBUG_INFO = NO;
				SDKROOT = iphoneos;
				VALIDATE_PRODUCT = YES;
			};
			name = Release;
		};
		189DE54F1CB8D4A10043EF6D /* Debug */ = {
			isa = XCBuildConfiguration;
			buildSettings = {
				ASSETCATALOG_COMPILER_APPICON_NAME = AppIcon;
				INFOPLIST_FILE = "Quiz - Programmatically/Info.plist";
				LD_RUNPATH_SEARCH_PATHS = "$(inherited) @executable_path/Frameworks";
				PRODUCT_BUNDLE_IDENTIFIER = "Immanuel.Quiz---Programmatically";
				PRODUCT_NAME = "$(TARGET_NAME)";
			};
			name = Debug;
		};
		189DE5501CB8D4A10043EF6D /* Release */ = {
			isa = XCBuildConfiguration;
			buildSettings = {
				ASSETCATALOG_COMPILER_APPICON_NAME = AppIcon;
				INFOPLIST_FILE = "Quiz - Programmatically/Info.plist";
				LD_RUNPATH_SEARCH_PATHS = "$(inherited) @executable_path/Frameworks";
				PRODUCT_BUNDLE_IDENTIFIER = "Immanuel.Quiz---Programmatically";
				PRODUCT_NAME = "$(TARGET_NAME)";
			};
			name = Release;
		};
		189DE5521CB8D4A10043EF6D /* Debug */ = {
			isa = XCBuildConfiguration;
			buildSettings = {
				BUNDLE_LOADER = "$(TEST_HOST)";
				INFOPLIST_FILE = "Quiz - ProgrammaticallyTests/Info.plist";
				LD_RUNPATH_SEARCH_PATHS = "$(inherited) @executable_path/Frameworks @loader_path/Frameworks";
				PRODUCT_BUNDLE_IDENTIFIER = "Immanuel.Quiz---ProgrammaticallyTests";
				PRODUCT_NAME = "$(TARGET_NAME)";
				TEST_HOST = "$(BUILT_PRODUCTS_DIR)/Quiz - Programmatically.app/Quiz - Programmatically";
			};
			name = Debug;
		};
		189DE5531CB8D4A10043EF6D /* Release */ = {
			isa = XCBuildConfiguration;
			buildSettings = {
				BUNDLE_LOADER = "$(TEST_HOST)";
				INFOPLIST_FILE = "Quiz - ProgrammaticallyTests/Info.plist";
				LD_RUNPATH_SEARCH_PATHS = "$(inherited) @executable_path/Frameworks @loader_path/Frameworks";
				PRODUCT_BUNDLE_IDENTIFIER = "Immanuel.Quiz---ProgrammaticallyTests";
				PRODUCT_NAME = "$(TARGET_NAME)";
				TEST_HOST = "$(BUILT_PRODUCTS_DIR)/Quiz - Programmatically.app/Quiz - Programmatically";
			};
			name = Release;
		};
		189DE5551CB8D4A10043EF6D /* Debug */ = {
			isa = XCBuildConfiguration;
			buildSettings = {
				INFOPLIST_FILE = "Quiz - ProgrammaticallyUITests/Info.plist";
				LD_RUNPATH_SEARCH_PATHS = "$(inherited) @executable_path/Frameworks @loader_path/Frameworks";
				PRODUCT_BUNDLE_IDENTIFIER = "Immanuel.Quiz---ProgrammaticallyUITests";
				PRODUCT_NAME = "$(TARGET_NAME)";
				TEST_TARGET_NAME = "Quiz - Programmatically";
			};
			name = Debug;
		};
		189DE5561CB8D4A10043EF6D /* Release */ = {
			isa = XCBuildConfiguration;
			buildSettings = {
				INFOPLIST_FILE = "Quiz - ProgrammaticallyUITests/Info.plist";
				LD_RUNPATH_SEARCH_PATHS = "$(inherited) @executable_path/Frameworks @loader_path/Frameworks";
				PRODUCT_BUNDLE_IDENTIFIER = "Immanuel.Quiz---ProgrammaticallyUITests";
				PRODUCT_NAME = "$(TARGET_NAME)";
				TEST_TARGET_NAME = "Quiz - Programmatically";
			};
			name = Release;
		};
/* End XCBuildConfiguration section */

/* Begin XCConfigurationList section */
		189DE5221CB8D4A10043EF6D /* Build configuration list for PBXProject "Quiz - Programmatically" */ = {
			isa = XCConfigurationList;
			buildConfigurations = (
				189DE54C1CB8D4A10043EF6D /* Debug */,
				189DE54D1CB8D4A10043EF6D /* Release */,
			);
			defaultConfigurationIsVisible = 0;
			defaultConfigurationName = Release;
		};
		189DE54E1CB8D4A10043EF6D /* Build configuration list for PBXNativeTarget "Quiz - Programmatically" */ = {
			isa = XCConfigurationList;
			buildConfigurations = (
				189DE54F1CB8D4A10043EF6D /* Debug */,
				189DE5501CB8D4A10043EF6D /* Release */,
			);
			defaultConfigurationIsVisible = 0;
		};
		189DE5511CB8D4A10043EF6D /* Build configuration list for PBXNativeTarget "Quiz - ProgrammaticallyTests" */ = {
			isa = XCConfigurationList;
			buildConfigurations = (
				189DE5521CB8D4A10043EF6D /* Debug */,
				189DE5531CB8D4A10043EF6D /* Release */,
			);
			defaultConfigurationIsVisible = 0;
		};
		189DE5541CB8D4A10043EF6D /* Build configuration list for PBXNativeTarget "Quiz - ProgrammaticallyUITests" */ = {
			isa = XCConfigurationList;
			buildConfigurations = (
				189DE5551CB8D4A10043EF6D /* Debug */,
				189DE5561CB8D4A10043EF6D /* Release */,
			);
			defaultConfigurationIsVisible = 0;
		};
/* End XCConfigurationList section */
	};
	rootObject = 189DE51F1CB8D4A10043EF6D /* Project object */;
}
